
Microsoft Visual Studio Solution File, Format Version 12.00
# Visual Studio Version 17
VisualStudioVersion = 17.1.32210.238
MinimumVisualStudioVersion = 10.0.40219.1
Project("{FAE04EC0-301F-11D3-BF4B-00C04F79EFBC}") = "TFGProject", "TFGProject\TFGProject.csproj", "{7D2BF26B-1443-435D-9182-69431BAF04EB}"
EndProject
Global
	GlobalSection(SolutionConfigurationPlatforms) = preSolution
		Debug|Any CPU = Debug|Any CPU
		Release|Any CPU = Release|Any CPU
	EndGlobalSection
	GlobalSection(ProjectConfigurationPlatforms) = postSolution
		{7D2BF26B-1443-435D-9182-69431BAF04EB}.Debug|Any CPU.ActiveCfg = Debug|Any CPU
		{7D2BF26B-1443-435D-9182-69431BAF04EB}.Debug|Any CPU.Build.0 = Debug|Any CPU
		{7D2BF26B-1443-435D-9182-69431BAF04EB}.Release|Any CPU.ActiveCfg = Release|Any CPU
		{7D2BF26B-1443-435D-9182-69431BAF04EB}.Release|Any CPU.Build.0 = Release|Any CPU
	EndGlobalSection
	GlobalSection(SolutionProperties) = preSolution
		HideSolutionNode = FALSE
	EndGlobalSection
	GlobalSection(ExtensibilityGlobals) = postSolution
		SolutionGuid = {24273747-E106-4D4E-8FF6-DAB8086AD735}
	EndGlobalSection
EndGlobal
